// !$*UTF8*$!
{
	archiveVersion = 1;
	classes = {
	};
	objectVersion = 55;
	objects = {

/* Begin PBXBuildFile section */
		153E714E26FFB3520029C75F /* AppDelegate.swift in Sources */ = {isa = PBXBuildFile; fileRef = 153E714D26FFB3520029C75F /* AppDelegate.swift */; };
		153E715026FFB3520029C75F /* BoardGameViewController.swift in Sources */ = {isa = PBXBuildFile; fileRef = 153E714F26FFB3520029C75F /* BoardGameViewController.swift */; };
		153E715226FFB3530029C75F /* Assets.xcassets in Resources */ = {isa = PBXBuildFile; fileRef = 153E715126FFB3530029C75F /* Assets.xcassets */; };
		153E717926FFB39A0029C75F /* main.swift in Sources */ = {isa = PBXBuildFile; fileRef = 153E717826FFB39A0029C75F /* main.swift */; };
		153E717B26FFB3F50029C75F /* NSImage+Extensions.swift in Sources */ = {isa = PBXBuildFile; fileRef = 153E717A26FFB3F50029C75F /* NSImage+Extensions.swift */; };
		153E717D26FFB48B0029C75F /* MainView.swift in Sources */ = {isa = PBXBuildFile; fileRef = 153E717C26FFB48B0029C75F /* MainView.swift */; };
		153E717F26FFB4A50029C75F /* CoinCollectionViewItem.swift in Sources */ = {isa = PBXBuildFile; fileRef = 153E717E26FFB4A50029C75F /* CoinCollectionViewItem.swift */; };
		153E718126FFB4C40029C75F /* BoardGameModel.swift in Sources */ = {isa = PBXBuildFile; fileRef = 153E718026FFB4C40029C75F /* BoardGameModel.swift */; };
		153E718326FFB4D30029C75F /* Coin.swift in Sources */ = {isa = PBXBuildFile; fileRef = 153E718226FFB4D30029C75F /* Coin.swift */; };
		153E718526FFB51E0029C75F /* BoardDataSource.swift in Sources */ = {isa = PBXBuildFile; fileRef = 153E718426FFB51E0029C75F /* BoardDataSource.swift */; };
		153E71872700C5050029C75F /* NSCollectionView+Extensions.swift in Sources */ = {isa = PBXBuildFile; fileRef = 153E71862700C5050029C75F /* NSCollectionView+Extensions.swift */; };
		158A627A2702079B00E9E5F3 /* BoardDataSourceForTest.swift in Sources */ = {isa = PBXBuildFile; fileRef = 158A62792702079B00E9E5F3 /* BoardDataSourceForTest.swift */; };
		158A628227025ECA00E9E5F3 /* BoardGameFactory.swift in Sources */ = {isa = PBXBuildFile; fileRef = 158A628127025ECA00E9E5F3 /* BoardGameFactory.swift */; };
		158A6284270263B700E9E5F3 /* ConnectFiveTests.swift in Sources */ = {isa = PBXBuildFile; fileRef = 158A6283270263B700E9E5F3 /* ConnectFiveTests.swift */; };
		158A628627028DE000E9E5F3 /* TestOptimizedBoard.swift in Sources */ = {isa = PBXBuildFile; fileRef = 158A628527028DE000E9E5F3 /* TestOptimizedBoard.swift */; };
		158A62882703430300E9E5F3 /* TestIntegratedOptimizedBoard.swift in Sources */ = {isa = PBXBuildFile; fileRef = 158A62872703430300E9E5F3 /* TestIntegratedOptimizedBoard.swift */; };
		15B8757827035AF6008F6FDB /* BoardController.swift in Sources */ = {isa = PBXBuildFile; fileRef = 15B8757727035AF6008F6FDB /* BoardController.swift */; };
		15B8757A27035B43008F6FDB /* OptimizedBoardModel.swift in Sources */ = {isa = PBXBuildFile; fileRef = 15B8757927035B43008F6FDB /* OptimizedBoardModel.swift */; };
		15BB922F2701D87800E1B331 /* ConnectFourModel.swift in Sources */ = {isa = PBXBuildFile; fileRef = 15BB922E2701D87800E1B331 /* ConnectFourModel.swift */; };
		15FD591A2701E1AD009641C4 /* BoardModelTests.swift in Sources */ = {isa = PBXBuildFile; fileRef = 15BB92302701D90900E1B331 /* BoardModelTests.swift */; };
		15FD591B2701E1AD009641C4 /* ConnectFourTests.swift in Sources */ = {isa = PBXBuildFile; fileRef = 153E715F26FFB3540029C75F /* ConnectFourTests.swift */; };
/* End PBXBuildFile section */

/* Begin PBXContainerItemProxy section */
		15FD59152701E198009641C4 /* PBXContainerItemProxy */ = {
			isa = PBXContainerItemProxy;
			containerPortal = 153E714226FFB3520029C75F /* Project object */;
			proxyType = 1;
			remoteGlobalIDString = 153E714926FFB3520029C75F;
			remoteInfo = ConnectFour;
		};
/* End PBXContainerItemProxy section */

/* Begin PBXFileReference section */
		153E714A26FFB3520029C75F /* ConnectFour.app */ = {isa = PBXFileReference; explicitFileType = wrapper.application; includeInIndex = 0; path = ConnectFour.app; sourceTree = BUILT_PRODUCTS_DIR; };
		153E714D26FFB3520029C75F /* AppDelegate.swift */ = {isa = PBXFileReference; lastKnownFileType = sourcecode.swift; path = AppDelegate.swift; sourceTree = "<group>"; };
		153E714F26FFB3520029C75F /* BoardGameViewController.swift */ = {isa = PBXFileReference; lastKnownFileType = sourcecode.swift; path = BoardGameViewController.swift; sourceTree = "<group>"; };
		153E715126FFB3530029C75F /* Assets.xcassets */ = {isa = PBXFileReference; lastKnownFileType = folder.assetcatalog; path = Assets.xcassets; sourceTree = "<group>"; };
		153E715F26FFB3540029C75F /* ConnectFourTests.swift */ = {isa = PBXFileReference; lastKnownFileType = sourcecode.swift; path = ConnectFourTests.swift; sourceTree = "<group>"; };
		153E717826FFB39A0029C75F /* main.swift */ = {isa = PBXFileReference; lastKnownFileType = sourcecode.swift; path = main.swift; sourceTree = "<group>"; };
		153E717A26FFB3F50029C75F /* NSImage+Extensions.swift */ = {isa = PBXFileReference; lastKnownFileType = sourcecode.swift; path = "NSImage+Extensions.swift"; sourceTree = "<group>"; };
		153E717C26FFB48B0029C75F /* MainView.swift */ = {isa = PBXFileReference; lastKnownFileType = sourcecode.swift; path = MainView.swift; sourceTree = "<group>"; };
		153E717E26FFB4A50029C75F /* CoinCollectionViewItem.swift */ = {isa = PBXFileReference; lastKnownFileType = sourcecode.swift; path = CoinCollectionViewItem.swift; sourceTree = "<group>"; };
		153E718026FFB4C40029C75F /* BoardGameModel.swift */ = {isa = PBXFileReference; lastKnownFileType = sourcecode.swift; path = BoardGameModel.swift; sourceTree = "<group>"; };
		153E718226FFB4D30029C75F /* Coin.swift */ = {isa = PBXFileReference; lastKnownFileType = sourcecode.swift; path = Coin.swift; sourceTree = "<group>"; };
		153E718426FFB51E0029C75F /* BoardDataSource.swift */ = {isa = PBXFileReference; lastKnownFileType = sourcecode.swift; path = BoardDataSource.swift; sourceTree = "<group>"; };
		153E71862700C5050029C75F /* NSCollectionView+Extensions.swift */ = {isa = PBXFileReference; lastKnownFileType = sourcecode.swift; path = "NSCollectionView+Extensions.swift"; sourceTree = "<group>"; };
		158A62792702079B00E9E5F3 /* BoardDataSourceForTest.swift */ = {isa = PBXFileReference; lastKnownFileType = sourcecode.swift; path = BoardDataSourceForTest.swift; sourceTree = "<group>"; };
		158A628127025ECA00E9E5F3 /* BoardGameFactory.swift */ = {isa = PBXFileReference; lastKnownFileType = sourcecode.swift; path = BoardGameFactory.swift; sourceTree = "<group>"; };
		158A6283270263B700E9E5F3 /* ConnectFiveTests.swift */ = {isa = PBXFileReference; lastKnownFileType = sourcecode.swift; path = ConnectFiveTests.swift; sourceTree = "<group>"; };
		158A628527028DE000E9E5F3 /* TestOptimizedBoard.swift */ = {isa = PBXFileReference; lastKnownFileType = sourcecode.swift; path = TestOptimizedBoard.swift; sourceTree = "<group>"; };
		158A62872703430300E9E5F3 /* TestIntegratedOptimizedBoard.swift */ = {isa = PBXFileReference; lastKnownFileType = sourcecode.swift; path = TestIntegratedOptimizedBoard.swift; sourceTree = "<group>"; };
		15B8757727035AF6008F6FDB /* BoardController.swift */ = {isa = PBXFileReference; lastKnownFileType = sourcecode.swift; path = BoardController.swift; sourceTree = "<group>"; };
		15B8757927035B43008F6FDB /* OptimizedBoardModel.swift */ = {isa = PBXFileReference; lastKnownFileType = sourcecode.swift; path = OptimizedBoardModel.swift; sourceTree = "<group>"; };
		15BB922E2701D87800E1B331 /* ConnectFourModel.swift */ = {isa = PBXFileReference; lastKnownFileType = sourcecode.swift; path = ConnectFourModel.swift; sourceTree = "<group>"; };
		15BB92302701D90900E1B331 /* BoardModelTests.swift */ = {isa = PBXFileReference; lastKnownFileType = sourcecode.swift; path = BoardModelTests.swift; sourceTree = "<group>"; };
		15FD59112701E198009641C4 /* ConnectFourTest.xctest */ = {isa = PBXFileReference; explicitFileType = wrapper.cfbundle; includeInIndex = 0; path = ConnectFourTest.xctest; sourceTree = BUILT_PRODUCTS_DIR; };
		15FD591C2701E330009641C4 /* ConnectFour.entitlements */ = {isa = PBXFileReference; fileEncoding = 4; lastKnownFileType = text.plist.entitlements; path = ConnectFour.entitlements; sourceTree = "<group>"; };
/* End PBXFileReference section */

/* Begin PBXFrameworksBuildPhase section */
		153E714726FFB3520029C75F /* Frameworks */ = {
			isa = PBXFrameworksBuildPhase;
			buildActionMask = 2147483647;
			files = (
			);
			runOnlyForDeploymentPostprocessing = 0;
		};
		15FD590E2701E198009641C4 /* Frameworks */ = {
			isa = PBXFrameworksBuildPhase;
			buildActionMask = 2147483647;
			files = (
			);
			runOnlyForDeploymentPostprocessing = 0;
		};
/* End PBXFrameworksBuildPhase section */

/* Begin PBXGroup section */
		153E714126FFB3520029C75F = {
			isa = PBXGroup;
			children = (
				153E714C26FFB3520029C75F /* ConnectFour */,
				15FD59122701E198009641C4 /* ConnectFourTest */,
				153E714B26FFB3520029C75F /* Products */,
			);
			sourceTree = "<group>";
		};
		153E714B26FFB3520029C75F /* Products */ = {
			isa = PBXGroup;
			children = (
				153E714A26FFB3520029C75F /* ConnectFour.app */,
				15FD59112701E198009641C4 /* ConnectFourTest.xctest */,
			);
			name = Products;
			sourceTree = "<group>";
		};
		153E714C26FFB3520029C75F /* ConnectFour */ = {
			isa = PBXGroup;
			children = (
				158A627C270255D900E9E5F3 /* Application */,
				158A62802702566F00E9E5F3 /* BoardController */,
				158A627E2702560200E9E5F3 /* BoardDataSource */,
				153E715126FFB3530029C75F /* Assets.xcassets */,
				15FD591C2701E330009641C4 /* ConnectFour.entitlements */,
				158A627F2702561900E9E5F3 /* Views */,
				158A627D270255F100E9E5F3 /* GameModel */,
				158A627B270255C000E9E5F3 /* Extensions */,
			);
			path = ConnectFour;
			sourceTree = "<group>";
		};
		158A627B270255C000E9E5F3 /* Extensions */ = {
			isa = PBXGroup;
			children = (
				153E717A26FFB3F50029C75F /* NSImage+Extensions.swift */,
				153E71862700C5050029C75F /* NSCollectionView+Extensions.swift */,
			);
			path = Extensions;
			sourceTree = "<group>";
		};
		158A627C270255D900E9E5F3 /* Application */ = {
			isa = PBXGroup;
			children = (
				153E714D26FFB3520029C75F /* AppDelegate.swift */,
				153E717826FFB39A0029C75F /* main.swift */,
			);
			path = Application;
			sourceTree = "<group>";
		};
		158A627D270255F100E9E5F3 /* GameModel */ = {
			isa = PBXGroup;
			children = (
				153E718026FFB4C40029C75F /* BoardGameModel.swift */,
				15B8757927035B43008F6FDB /* OptimizedBoardModel.swift */,
				15BB922E2701D87800E1B331 /* ConnectFourModel.swift */,
				153E718226FFB4D30029C75F /* Coin.swift */,
			);
			path = GameModel;
			sourceTree = "<group>";
		};
		158A627E2702560200E9E5F3 /* BoardDataSource */ = {
			isa = PBXGroup;
			children = (
				153E718426FFB51E0029C75F /* BoardDataSource.swift */,
			);
			path = BoardDataSource;
			sourceTree = "<group>";
		};
		158A627F2702561900E9E5F3 /* Views */ = {
			isa = PBXGroup;
			children = (
				153E717C26FFB48B0029C75F /* MainView.swift */,
				153E717E26FFB4A50029C75F /* CoinCollectionViewItem.swift */,
			);
			path = Views;
			sourceTree = "<group>";
		};
		158A62802702566F00E9E5F3 /* BoardController */ = {
			isa = PBXGroup;
			children = (
				153E714F26FFB3520029C75F /* BoardGameViewController.swift */,
				158A628127025ECA00E9E5F3 /* BoardGameFactory.swift */,
			);
			path = BoardController;
			sourceTree = "<group>";
		};
		15FD59122701E198009641C4 /* ConnectFourTest */ = {
			isa = PBXGroup;
			children = (
				153E715F26FFB3540029C75F /* ConnectFourTests.swift */,
				15BB92302701D90900E1B331 /* BoardModelTests.swift */,
				158A62792702079B00E9E5F3 /* BoardDataSourceForTest.swift */,
				158A6283270263B700E9E5F3 /* ConnectFiveTests.swift */,
				158A628527028DE000E9E5F3 /* TestOptimizedBoard.swift */,
				158A62872703430300E9E5F3 /* TestIntegratedOptimizedBoard.swift */,
				15B8757727035AF6008F6FDB /* BoardController.swift */,
			);
			path = ConnectFourTest;
			sourceTree = "<group>";
		};
/* End PBXGroup section */

/* Begin PBXNativeTarget section */
		153E714926FFB3520029C75F /* ConnectFour */ = {
			isa = PBXNativeTarget;
			buildConfigurationList = 153E716F26FFB3540029C75F /* Build configuration list for PBXNativeTarget "ConnectFour" */;
			buildPhases = (
				153E714626FFB3520029C75F /* Sources */,
				153E714726FFB3520029C75F /* Frameworks */,
				153E714826FFB3520029C75F /* Resources */,
			);
			buildRules = (
			);
			dependencies = (
			);
			name = ConnectFour;
			productName = ConnectFour;
			productReference = 153E714A26FFB3520029C75F /* ConnectFour.app */;
			productType = "com.apple.product-type.application";
		};
		15FD59102701E198009641C4 /* ConnectFourTest */ = {
			isa = PBXNativeTarget;
			buildConfigurationList = 15FD59172701E198009641C4 /* Build configuration list for PBXNativeTarget "ConnectFourTest" */;
			buildPhases = (
				15FD590D2701E198009641C4 /* Sources */,
				15FD590E2701E198009641C4 /* Frameworks */,
				15FD590F2701E198009641C4 /* Resources */,
			);
			buildRules = (
			);
			dependencies = (
				15FD59162701E198009641C4 /* PBXTargetDependency */,
			);
			name = ConnectFourTest;
			productName = ConnectFourTest;
			productReference = 15FD59112701E198009641C4 /* ConnectFourTest.xctest */;
			productType = "com.apple.product-type.bundle.unit-test";
		};
/* End PBXNativeTarget section */

/* Begin PBXProject section */
		153E714226FFB3520029C75F /* Project object */ = {
			isa = PBXProject;
			attributes = {
				BuildIndependentTargetsInParallel = 1;
				LastSwiftUpdateCheck = 1300;
				LastUpgradeCheck = 1300;
				TargetAttributes = {
					153E714926FFB3520029C75F = {
						CreatedOnToolsVersion = 13.0;
					};
					15FD59102701E198009641C4 = {
						CreatedOnToolsVersion = 13.0;
						TestTargetID = 153E714926FFB3520029C75F;
					};
				};
			};
			buildConfigurationList = 153E714526FFB3520029C75F /* Build configuration list for PBXProject "ConnectFour" */;
			compatibilityVersion = "Xcode 13.0";
			developmentRegion = en;
			hasScannedForEncodings = 0;
			knownRegions = (
				en,
				Base,
			);
			mainGroup = 153E714126FFB3520029C75F;
			productRefGroup = 153E714B26FFB3520029C75F /* Products */;
			projectDirPath = "";
			projectRoot = "";
			targets = (
				153E714926FFB3520029C75F /* ConnectFour */,
				15FD59102701E198009641C4 /* ConnectFourTest */,
			);
		};
/* End PBXProject section */

/* Begin PBXResourcesBuildPhase section */
		153E714826FFB3520029C75F /* Resources */ = {
			isa = PBXResourcesBuildPhase;
			buildActionMask = 2147483647;
			files = (
				153E715226FFB3530029C75F /* Assets.xcassets in Resources */,
			);
			runOnlyForDeploymentPostprocessing = 0;
		};
		15FD590F2701E198009641C4 /* Resources */ = {
			isa = PBXResourcesBuildPhase;
			buildActionMask = 2147483647;
			files = (
			);
			runOnlyForDeploymentPostprocessing = 0;
		};
/* End PBXResourcesBuildPhase section */

/* Begin PBXSourcesBuildPhase section */
		153E714626FFB3520029C75F /* Sources */ = {
			isa = PBXSourcesBuildPhase;
			buildActionMask = 2147483647;
			files = (
				153E715026FFB3520029C75F /* BoardGameViewController.swift in Sources */,
				153E714E26FFB3520029C75F /* AppDelegate.swift in Sources */,
				153E717F26FFB4A50029C75F /* CoinCollectionViewItem.swift in Sources */,
				153E718126FFB4C40029C75F /* BoardGameModel.swift in Sources */,
				153E717B26FFB3F50029C75F /* NSImage+Extensions.swift in Sources */,
				153E717D26FFB48B0029C75F /* MainView.swift in Sources */,
				153E718326FFB4D30029C75F /* Coin.swift in Sources */,
				153E717926FFB39A0029C75F /* main.swift in Sources */,
				15B8757A27035B43008F6FDB /* OptimizedBoardModel.swift in Sources */,
				153E718526FFB51E0029C75F /* BoardDataSource.swift in Sources */,
				15BB922F2701D87800E1B331 /* ConnectFourModel.swift in Sources */,
				153E71872700C5050029C75F /* NSCollectionView+Extensions.swift in Sources */,
				158A628227025ECA00E9E5F3 /* BoardGameFactory.swift in Sources */,
			);
			runOnlyForDeploymentPostprocessing = 0;
		};
		15FD590D2701E198009641C4 /* Sources */ = {
			isa = PBXSourcesBuildPhase;
			buildActionMask = 2147483647;
			files = (
				158A628627028DE000E9E5F3 /* TestOptimizedBoard.swift in Sources */,
				158A62882703430300E9E5F3 /* TestIntegratedOptimizedBoard.swift in Sources */,
				15B8757827035AF6008F6FDB /* BoardController.swift in Sources */,
				158A6284270263B700E9E5F3 /* ConnectFiveTests.swift in Sources */,
				15FD591A2701E1AD009641C4 /* BoardModelTests.swift in Sources */,
				158A627A2702079B00E9E5F3 /* BoardDataSourceForTest.swift in Sources */,
				15FD591B2701E1AD009641C4 /* ConnectFourTests.swift in Sources */,
			);
			runOnlyForDeploymentPostprocessing = 0;
		};
/* End PBXSourcesBuildPhase section */

/* Begin PBXTargetDependency section */
		15FD59162701E198009641C4 /* PBXTargetDependency */ = {
			isa = PBXTargetDependency;
			target = 153E714926FFB3520029C75F /* ConnectFour */;
			targetProxy = 15FD59152701E198009641C4 /* PBXContainerItemProxy */;
		};
/* End PBXTargetDependency section */

/* Begin XCBuildConfiguration section */
		153E716D26FFB3540029C75F /* Debug */ = {
			isa = XCBuildConfiguration;
			buildSettings = {
				ALWAYS_SEARCH_USER_PATHS = NO;
				CLANG_ANALYZER_NONNULL = YES;
				CLANG_ANALYZER_NUMBER_OBJECT_CONVERSION = YES_AGGRESSIVE;
				CLANG_CXX_LANGUAGE_STANDARD = "gnu++17";
				CLANG_CXX_LIBRARY = "libc++";
				CLANG_ENABLE_MODULES = YES;
				CLANG_ENABLE_OBJC_ARC = YES;
				CLANG_ENABLE_OBJC_WEAK = YES;
				CLANG_WARN_BLOCK_CAPTURE_AUTORELEASING = YES;
				CLANG_WARN_BOOL_CONVERSION = YES;
				CLANG_WARN_COMMA = YES;
				CLANG_WARN_CONSTANT_CONVERSION = YES;
				CLANG_WARN_DEPRECATED_OBJC_IMPLEMENTATIONS = YES;
				CLANG_WARN_DIRECT_OBJC_ISA_USAGE = YES_ERROR;
				CLANG_WARN_DOCUMENTATION_COMMENTS = YES;
				CLANG_WARN_EMPTY_BODY = YES;
				CLANG_WARN_ENUM_CONVERSION = YES;
				CLANG_WARN_INFINITE_RECURSION = YES;
				CLANG_WARN_INT_CONVERSION = YES;
				CLANG_WARN_NON_LITERAL_NULL_CONVERSION = YES;
				CLANG_WARN_OBJC_IMPLICIT_RETAIN_SELF = YES;
				CLANG_WARN_OBJC_LITERAL_CONVERSION = YES;
				CLANG_WARN_OBJC_ROOT_CLASS = YES_ERROR;
				CLANG_WARN_QUOTED_INCLUDE_IN_FRAMEWORK_HEADER = YES;
				CLANG_WARN_RANGE_LOOP_ANALYSIS = YES;
				CLANG_WARN_STRICT_PROTOTYPES = YES;
				CLANG_WARN_SUSPICIOUS_MOVE = YES;
				CLANG_WARN_UNGUARDED_AVAILABILITY = YES_AGGRESSIVE;
				CLANG_WARN_UNREACHABLE_CODE = YES;
				CLANG_WARN__DUPLICATE_METHOD_MATCH = YES;
				CODE_SIGN_IDENTITY = "Apple Development";
				COPY_PHASE_STRIP = NO;
				DEBUG_INFORMATION_FORMAT = dwarf;
				ENABLE_STRICT_OBJC_MSGSEND = YES;
				ENABLE_TESTABILITY = YES;
				GCC_C_LANGUAGE_STANDARD = gnu11;
				GCC_DYNAMIC_NO_PIC = NO;
				GCC_NO_COMMON_BLOCKS = YES;
				GCC_OPTIMIZATION_LEVEL = 0;
				GCC_PREPROCESSOR_DEFINITIONS = (
					"DEBUG=1",
					"$(inherited)",
				);
				GCC_WARN_64_TO_32_BIT_CONVERSION = YES;
				GCC_WARN_ABOUT_RETURN_TYPE = YES_ERROR;
				GCC_WARN_UNDECLARED_SELECTOR = YES;
				GCC_WARN_UNINITIALIZED_AUTOS = YES_AGGRESSIVE;
				GCC_WARN_UNUSED_FUNCTION = YES;
				GCC_WARN_UNUSED_VARIABLE = YES;
				MACOSX_DEPLOYMENT_TARGET = 10.15;
				MTL_ENABLE_DEBUG_INFO = INCLUDE_SOURCE;
				MTL_FAST_MATH = YES;
				ONLY_ACTIVE_ARCH = YES;
				SDKROOT = macosx;
				SWIFT_ACTIVE_COMPILATION_CONDITIONS = DEBUG;
				SWIFT_OPTIMIZATION_LEVEL = "-Onone";
			};
			name = Debug;
		};
		153E716E26FFB3540029C75F /* Release */ = {
			isa = XCBuildConfiguration;
			buildSettings = {
				ALWAYS_SEARCH_USER_PATHS = NO;
				CLANG_ANALYZER_NONNULL = YES;
				CLANG_ANALYZER_NUMBER_OBJECT_CONVERSION = YES_AGGRESSIVE;
				CLANG_CXX_LANGUAGE_STANDARD = "gnu++17";
				CLANG_CXX_LIBRARY = "libc++";
				CLANG_ENABLE_MODULES = YES;
				CLANG_ENABLE_OBJC_ARC = YES;
				CLANG_ENABLE_OBJC_WEAK = YES;
				CLANG_WARN_BLOCK_CAPTURE_AUTORELEASING = YES;
				CLANG_WARN_BOOL_CONVERSION = YES;
				CLANG_WARN_COMMA = YES;
				CLANG_WARN_CONSTANT_CONVERSION = YES;
				CLANG_WARN_DEPRECATED_OBJC_IMPLEMENTATIONS = YES;
				CLANG_WARN_DIRECT_OBJC_ISA_USAGE = YES_ERROR;
				CLANG_WARN_DOCUMENTATION_COMMENTS = YES;
				CLANG_WARN_EMPTY_BODY = YES;
				CLANG_WARN_ENUM_CONVERSION = YES;
				CLANG_WARN_INFINITE_RECURSION = YES;
				CLANG_WARN_INT_CONVERSION = YES;
				CLANG_WARN_NON_LITERAL_NULL_CONVERSION = YES;
				CLANG_WARN_OBJC_IMPLICIT_RETAIN_SELF = YES;
				CLANG_WARN_OBJC_LITERAL_CONVERSION = YES;
				CLANG_WARN_OBJC_ROOT_CLASS = YES_ERROR;
				CLANG_WARN_QUOTED_INCLUDE_IN_FRAMEWORK_HEADER = YES;
				CLANG_WARN_RANGE_LOOP_ANALYSIS = YES;
				CLANG_WARN_STRICT_PROTOTYPES = YES;
				CLANG_WARN_SUSPICIOUS_MOVE = YES;
				CLANG_WARN_UNGUARDED_AVAILABILITY = YES_AGGRESSIVE;
				CLANG_WARN_UNREACHABLE_CODE = YES;
				CLANG_WARN__DUPLICATE_METHOD_MATCH = YES;
				CODE_SIGN_IDENTITY = "Apple Development";
				COPY_PHASE_STRIP = NO;
				DEBUG_INFORMATION_FORMAT = "dwarf-with-dsym";
				ENABLE_NS_ASSERTIONS = NO;
				ENABLE_STRICT_OBJC_MSGSEND = YES;
				GCC_C_LANGUAGE_STANDARD = gnu11;
				GCC_NO_COMMON_BLOCKS = YES;
				GCC_WARN_64_TO_32_BIT_CONVERSION = YES;
				GCC_WARN_ABOUT_RETURN_TYPE = YES_ERROR;
				GCC_WARN_UNDECLARED_SELECTOR = YES;
				GCC_WARN_UNINITIALIZED_AUTOS = YES_AGGRESSIVE;
				GCC_WARN_UNUSED_FUNCTION = YES;
				GCC_WARN_UNUSED_VARIABLE = YES;
				MACOSX_DEPLOYMENT_TARGET = 10.15;
				MTL_ENABLE_DEBUG_INFO = NO;
				MTL_FAST_MATH = YES;
				SDKROOT = macosx;
				SWIFT_COMPILATION_MODE = wholemodule;
				SWIFT_OPTIMIZATION_LEVEL = "-O";
			};
			name = Release;
		};
		153E717026FFB3540029C75F /* Debug */ = {
			isa = XCBuildConfiguration;
			buildSettings = {
				ASSETCATALOG_COMPILER_APPICON_NAME = AppIcon;
				ASSETCATALOG_COMPILER_GLOBAL_ACCENT_COLOR_NAME = AccentColor;
				CODE_SIGN_ENTITLEMENTS = "";
				CODE_SIGN_IDENTITY = "Apple Development";
				CODE_SIGN_STYLE = Automatic;
				COMBINE_HIDPI_IMAGES = YES;
				CURRENT_PROJECT_VERSION = 1;
				DEVELOPMENT_TEAM = H929RNU2C4;
				ENABLE_HARDENED_RUNTIME = YES;
				GENERATE_INFOPLIST_FILE = YES;
				INFOPLIST_KEY_NSHumanReadableCopyright = "";
				INFOPLIST_KEY_NSPrincipalClass = NSApplication;
				LD_RUNPATH_SEARCH_PATHS = (
					"$(inherited)",
					"@executable_path/../Frameworks",
				);
				MACOSX_DEPLOYMENT_TARGET = 10.15;
				MARKETING_VERSION = 1.0;
				PRODUCT_BUNDLE_IDENTIFIER = "Gabriel-Soria.ConnectFour";
				PRODUCT_NAME = "$(TARGET_NAME)";
				PROVISIONING_PROFILE_SPECIFIER = "";
				SWIFT_EMIT_LOC_STRINGS = YES;
				SWIFT_VERSION = 5.0;
			};
			name = Debug;
		};
		153E717126FFB3540029C75F /* Release */ = {
			isa = XCBuildConfiguration;
			buildSettings = {
				ASSETCATALOG_COMPILER_APPICON_NAME = AppIcon;
				ASSETCATALOG_COMPILER_GLOBAL_ACCENT_COLOR_NAME = AccentColor;
				CODE_SIGN_ENTITLEMENTS = "";
				CODE_SIGN_IDENTITY = "Apple Development";
				CODE_SIGN_STYLE = Automatic;
				COMBINE_HIDPI_IMAGES = YES;
				CURRENT_PROJECT_VERSION = 1;
				DEVELOPMENT_TEAM = H929RNU2C4;
				ENABLE_HARDENED_RUNTIME = YES;
				GENERATE_INFOPLIST_FILE = YES;
				INFOPLIST_KEY_NSHumanReadableCopyright = "";
				INFOPLIST_KEY_NSPrincipalClass = NSApplication;
				LD_RUNPATH_SEARCH_PATHS = (
					"$(inherited)",
					"@executable_path/../Frameworks",
				);
				MACOSX_DEPLOYMENT_TARGET = 10.15;
				MARKETING_VERSION = 1.0;
				PRODUCT_BUNDLE_IDENTIFIER = "Gabriel-Soria.ConnectFour";
				PRODUCT_NAME = "$(TARGET_NAME)";
				PROVISIONING_PROFILE_SPECIFIER = "";
				SWIFT_EMIT_LOC_STRINGS = YES;
				SWIFT_VERSION = 5.0;
			};
			name = Release;
		};
		15FD59182701E198009641C4 /* Debug */ = {
			isa = XCBuildConfiguration;
			buildSettings = {
				BUNDLE_LOADER = "$(TEST_HOST)";
				CODE_SIGN_IDENTITY = "Apple Development";
				CODE_SIGN_STYLE = Automatic;
				COMBINE_HIDPI_IMAGES = YES;
				CURRENT_PROJECT_VERSION = 1;
				DEVELOPMENT_TEAM = H929RNU2C4;
				GENERATE_INFOPLIST_FILE = YES;
				LD_RUNPATH_SEARCH_PATHS = (
					"$(inherited)",
					"@executable_path/../Frameworks",
					"@loader_path/../Frameworks",
				);
				MACOSX_DEPLOYMENT_TARGET = 10.15;
				MARKETING_VERSION = 1.0;
				PRODUCT_BUNDLE_IDENTIFIER = "Gabriel-Soria.ConnectFourTest";
				PRODUCT_NAME = "$(TARGET_NAME)";
				PROVISIONING_PROFILE_SPECIFIER = "";
				SWIFT_EMIT_LOC_STRINGS = NO;
				SWIFT_VERSION = 5.0;
				TEST_HOST = "$(BUILT_PRODUCTS_DIR)/ConnectFour.app/Contents/MacOS/ConnectFour";
			};
			name = Debug;
		};
		15FD59192701E198009641C4 /* Release */ = {
			isa = XCBuildConfiguration;
			buildSettings = {
				BUNDLE_LOADER = "$(TEST_HOST)";
				CODE_SIGN_IDENTITY = "Apple Development";
				CODE_SIGN_STYLE = Automatic;
				COMBINE_HIDPI_IMAGES = YES;
				CURRENT_PROJECT_VERSION = 1;
				DEVELOPMENT_TEAM = H929RNU2C4;
				GENERATE_INFOPLIST_FILE = YES;
				LD_RUNPATH_SEARCH_PATHS = (
					"$(inherited)",
					"@executable_path/../Frameworks",
					"@loader_path/../Frameworks",
				);
				MACOSX_DEPLOYMENT_TARGET = 10.15;
				MARKETING_VERSION = 1.0;
				PRODUCT_BUNDLE_IDENTIFIER = "Gabriel-Soria.ConnectFourTest";
				PRODUCT_NAME = "$(TARGET_NAME)";
				PROVISIONING_PROFILE_SPECIFIER = "";
				SWIFT_EMIT_LOC_STRINGS = NO;
				SWIFT_VERSION = 5.0;
				TEST_HOST = "$(BUILT_PRODUCTS_DIR)/ConnectFour.app/Contents/MacOS/ConnectFour";
			};
			name = Release;
		};
/* End XCBuildConfiguration section */

/* Begin XCConfigurationList section */
		153E714526FFB3520029C75F /* Build configuration list for PBXProject "ConnectFour" */ = {
			isa = XCConfigurationList;
			buildConfigurations = (
				153E716D26FFB3540029C75F /* Debug */,
				153E716E26FFB3540029C75F /* Release */,
			);
			defaultConfigurationIsVisible = 0;
			defaultConfigurationName = Release;
		};
		153E716F26FFB3540029C75F /* Build configuration list for PBXNativeTarget "ConnectFour" */ = {
			isa = XCConfigurationList;
			buildConfigurations = (
				153E717026FFB3540029C75F /* Debug */,
				153E717126FFB3540029C75F /* Release */,
			);
			defaultConfigurationIsVisible = 0;
			defaultConfigurationName = Release;
		};
		15FD59172701E198009641C4 /* Build configuration list for PBXNativeTarget "ConnectFourTest" */ = {
			isa = XCConfigurationList;
			buildConfigurations = (
				15FD59182701E198009641C4 /* Debug */,
				15FD59192701E198009641C4 /* Release */,
			);
			defaultConfigurationIsVisible = 0;
			defaultConfigurationName = Release;
		};
/* End XCConfigurationList section */
	};
	rootObject = 153E714226FFB3520029C75F /* Project object */;
}
